# This file is automatically @generated by Cargo.
# It is not intended for manual editing.
version = 4

[[package]]
name = "cereals"
version = "0.1.0"

[[package]]
name = "fruit"
version = "0.1.0"

[[package]]
name = "hello"
version = "0.1.0"

[[package]]
name = "hello2"
version = "0.1.0"

[[package]]
name = "letters"
version = "0.1.0"

[[package]]
name = "penguins"
version = "0.1.0"

[[package]]
name = "race"
version = "0.1.0"
